
Microsoft Visual Studio Solution File, Format Version 12.00
# Visual Studio Version 17
VisualStudioVersion = 17.11.35312.102
MinimumVisualStudioVersion = 10.0.40219.1
Project("{9A19103F-16F7-4668-BE54-9A1E7A4F7556}") = "Financeiro_TN", "Financeiro_TN\Financeiro_TN.csproj", "{1768BDFE-16AA-40D8-B967-46AB74652CCA}"
EndProject
Project("{E53339B2-1760-4266-BCC7-CA923CBCF16C}") = "docker-compose", "docker-compose.dcproj", "{2FBC997A-EC49-41C1-913F-765FFE622499}"
EndProject
Global
	GlobalSection(SolutionConfigurationPlatforms) = preSolution
		Debug|Any CPU = Debug|Any CPU
		Release|Any CPU = Release|Any CPU
	EndGlobalSection
	GlobalSection(ProjectConfigurationPlatforms) = postSolution
		{1768BDFE-16AA-40D8-B967-46AB74652CCA}.Debug|Any CPU.ActiveCfg = Debug|Any CPU
		{1768BDFE-16AA-40D8-B967-46AB74652CCA}.Debug|Any CPU.Build.0 = Debug|Any CPU
		{1768BDFE-16AA-40D8-B967-46AB74652CCA}.Release|Any CPU.ActiveCfg = Release|Any CPU
		{1768BDFE-16AA-40D8-B967-46AB74652CCA}.Release|Any CPU.Build.0 = Release|Any CPU
		{2FBC997A-EC49-41C1-913F-765FFE622499}.Debug|Any CPU.ActiveCfg = Debug|Any CPU
		{2FBC997A-EC49-41C1-913F-765FFE622499}.Debug|Any CPU.Build.0 = Debug|Any CPU
		{2FBC997A-EC49-41C1-913F-765FFE622499}.Release|Any CPU.ActiveCfg = Release|Any CPU
		{2FBC997A-EC49-41C1-913F-765FFE622499}.Release|Any CPU.Build.0 = Release|Any CPU
	EndGlobalSection
	GlobalSection(SolutionProperties) = preSolution
		HideSolutionNode = FALSE
	EndGlobalSection
	GlobalSection(ExtensibilityGlobals) = postSolution
		SolutionGuid = {C576AE42-010C-4057-B9AB-E9E6F527E66C}
	EndGlobalSection
EndGlobal
